
Microsoft Visual Studio Solution File, Format Version 12.00
# Visual Studio 15
VisualStudioVersion = 15.0.27130.2036
MinimumVisualStudioVersion = 10.0.40219.1
Project("{9A19103F-16F7-4668-BE54-9A1E7A4F7556}") = "SystemChecker.Web", "SystemChecker.Web\SystemChecker.Web.csproj", "{2B1FFF69-4180-437D-81F8-97DA3B219194}"
EndProject
Project("{9A19103F-16F7-4668-BE54-9A1E7A4F7556}") = "SystemChecker.Model", "SystemChecker.Model\SystemChecker.Model.csproj", "{86B76D67-522D-44CD-8B60-FEFA224DF6DB}"
EndProject
Project("{2150E333-8FDC-42A3-9474-1A3956D46DE8}") = "Solution Items", "Solution Items", "{E7539E52-9B26-422B-AE08-DD785632DB24}"
	ProjectSection(SolutionItems) = preProject
		.gitignore = .gitignore
		meta.json = meta.json
	EndProjectSection
EndProject
Project("{9A19103F-16F7-4668-BE54-9A1E7A4F7556}") = "SystemChecker.Migrations", "SystemChecker.Migrations\SystemChecker.Migrations.csproj", "{39C024A7-DD00-4DEF-8EA9-D4BDD605371C}"
EndProject
Project("{9A19103F-16F7-4668-BE54-9A1E7A4F7556}") = "SystemChecker.Service", "SystemChecker.Service\SystemChecker.Service.csproj", "{01FF94AA-4214-43FC-9CB0-EA94A8B620A7}"
EndProject
Project("{9A19103F-16F7-4668-BE54-9A1E7A4F7556}") = "SystemChecker.Client", "SystemChecker.Client\SystemChecker.Client.csproj", "{DC647FEF-2F39-48EA-B5D4-B964CE20A7C5}"
EndProject
Project("{9A19103F-16F7-4668-BE54-9A1E7A4F7556}") = "SystemChecker.Contracts", "SystemChecker.Contracts\SystemChecker.Contracts.csproj", "{1419C14B-F357-4D66-8476-DBA2EF429010}"
EndProject
Project("{FAE04EC0-301F-11D3-BF4B-00C04F79EFBC}") = "SystemChecker.TestClient", "SystemChecker.TestClient\SystemChecker.TestClient.csproj", "{34EE7C8E-C490-43D8-AF89-5692F0447998}"
EndProject
Global
	GlobalSection(SolutionConfigurationPlatforms) = preSolution
		Debug|Any CPU = Debug|Any CPU
		Release|Any CPU = Release|Any CPU
	EndGlobalSection
	GlobalSection(ProjectConfigurationPlatforms) = postSolution
		{2B1FFF69-4180-437D-81F8-97DA3B219194}.Debug|Any CPU.ActiveCfg = Debug|Any CPU
		{2B1FFF69-4180-437D-81F8-97DA3B219194}.Debug|Any CPU.Build.0 = Debug|Any CPU
		{2B1FFF69-4180-437D-81F8-97DA3B219194}.Release|Any CPU.ActiveCfg = Release|Any CPU
		{2B1FFF69-4180-437D-81F8-97DA3B219194}.Release|Any CPU.Build.0 = Release|Any CPU
		{86B76D67-522D-44CD-8B60-FEFA224DF6DB}.Debug|Any CPU.ActiveCfg = Debug|Any CPU
		{86B76D67-522D-44CD-8B60-FEFA224DF6DB}.Debug|Any CPU.Build.0 = Debug|Any CPU
		{86B76D67-522D-44CD-8B60-FEFA224DF6DB}.Release|Any CPU.ActiveCfg = Release|Any CPU
		{86B76D67-522D-44CD-8B60-FEFA224DF6DB}.Release|Any CPU.Build.0 = Release|Any CPU
		{39C024A7-DD00-4DEF-8EA9-D4BDD605371C}.Debug|Any CPU.ActiveCfg = Debug|Any CPU
		{39C024A7-DD00-4DEF-8EA9-D4BDD605371C}.Debug|Any CPU.Build.0 = Debug|Any CPU
		{39C024A7-DD00-4DEF-8EA9-D4BDD605371C}.Release|Any CPU.ActiveCfg = Release|Any CPU
		{39C024A7-DD00-4DEF-8EA9-D4BDD605371C}.Release|Any CPU.Build.0 = Release|Any CPU
		{01FF94AA-4214-43FC-9CB0-EA94A8B620A7}.Debug|Any CPU.ActiveCfg = Debug|Any CPU
		{01FF94AA-4214-43FC-9CB0-EA94A8B620A7}.Debug|Any CPU.Build.0 = Debug|Any CPU
		{01FF94AA-4214-43FC-9CB0-EA94A8B620A7}.Release|Any CPU.ActiveCfg = Release|Any CPU
		{01FF94AA-4214-43FC-9CB0-EA94A8B620A7}.Release|Any CPU.Build.0 = Release|Any CPU
		{DC647FEF-2F39-48EA-B5D4-B964CE20A7C5}.Debug|Any CPU.ActiveCfg = Debug|Any CPU
		{DC647FEF-2F39-48EA-B5D4-B964CE20A7C5}.Debug|Any CPU.Build.0 = Debug|Any CPU
		{DC647FEF-2F39-48EA-B5D4-B964CE20A7C5}.Release|Any CPU.ActiveCfg = Release|Any CPU
		{DC647FEF-2F39-48EA-B5D4-B964CE20A7C5}.Release|Any CPU.Build.0 = Release|Any CPU
		{1419C14B-F357-4D66-8476-DBA2EF429010}.Debug|Any CPU.ActiveCfg = Debug|Any CPU
		{1419C14B-F357-4D66-8476-DBA2EF429010}.Debug|Any CPU.Build.0 = Debug|Any CPU
		{1419C14B-F357-4D66-8476-DBA2EF429010}.Release|Any CPU.ActiveCfg = Release|Any CPU
		{1419C14B-F357-4D66-8476-DBA2EF429010}.Release|Any CPU.Build.0 = Release|Any CPU
		{34EE7C8E-C490-43D8-AF89-5692F0447998}.Debug|Any CPU.ActiveCfg = Debug|Any CPU
		{34EE7C8E-C490-43D8-AF89-5692F0447998}.Debug|Any CPU.Build.0 = Debug|Any CPU
		{34EE7C8E-C490-43D8-AF89-5692F0447998}.Release|Any CPU.ActiveCfg = Release|Any CPU
		{34EE7C8E-C490-43D8-AF89-5692F0447998}.Release|Any CPU.Build.0 = Release|Any CPU
	EndGlobalSection
	GlobalSection(SolutionProperties) = preSolution
		HideSolutionNode = FALSE
	EndGlobalSection
	GlobalSection(ExtensibilityGlobals) = postSolution
		SolutionGuid = {818D19A3-C816-4949-B744-7651D2062DDB}
	EndGlobalSection
EndGlobal
